
Microsoft Visual Studio Solution File, Format Version 12.00
# Visual Studio Version 16
VisualStudioVersion = 16.0.30204.135
MinimumVisualStudioVersion = 10.0.40219.1
Project("{FAE04EC0-301F-11D3-BF4B-00C04F79EFBC}") = "AutoData", "src\AutoData\AutoData.csproj", "{8A1D744C-B08E-4F0F-B317-C7B5E9BE4C71}"
EndProject
Project("{2150E333-8FDC-42A3-9474-1A3956D46DE8}") = "src", "src", "{CC52307C-4E68-4DD6-8C74-6B86F4DB4C98}"
EndProject
Global
	GlobalSection(SolutionConfigurationPlatforms) = preSolution
		Debug|Any CPU = Debug|Any CPU
		Release|Any CPU = Release|Any CPU
	EndGlobalSection
	GlobalSection(ProjectConfigurationPlatforms) = postSolution
		{8A1D744C-B08E-4F0F-B317-C7B5E9BE4C71}.Debug|Any CPU.ActiveCfg = Debug|Any CPU
		{8A1D744C-B08E-4F0F-B317-C7B5E9BE4C71}.Debug|Any CPU.Build.0 = Debug|Any CPU
		{8A1D744C-B08E-4F0F-B317-C7B5E9BE4C71}.Release|Any CPU.ActiveCfg = Release|Any CPU
		{8A1D744C-B08E-4F0F-B317-C7B5E9BE4C71}.Release|Any CPU.Build.0 = Release|Any CPU
	EndGlobalSection
	GlobalSection(SolutionProperties) = preSolution
		HideSolutionNode = FALSE
	EndGlobalSection
	GlobalSection(NestedProjects) = preSolution
		{8A1D744C-B08E-4F0F-B317-C7B5E9BE4C71} = {CC52307C-4E68-4DD6-8C74-6B86F4DB4C98}
	EndGlobalSection
	GlobalSection(ExtensibilityGlobals) = postSolution
		SolutionGuid = {5A9E45D5-761F-496B-BB16-C1CC22988261}
	EndGlobalSection
EndGlobal
