
Microsoft Visual Studio Solution File, Format Version 12.00
# Visual Studio Version 16
VisualStudioVersion = 16.0.30204.135
MinimumVisualStudioVersion = 10.0.40219.1
Project("{9A19103F-16F7-4668-BE54-9A1E7A4F7556}") = "AutoData.ConsoleApp", "src\AutoData.ConsoleApp\AutoData.ConsoleApp.csproj", "{1E1437BF-83B8-4DE4-B136-9A0B30E3C95C}"
EndProject
Global
	GlobalSection(SolutionConfigurationPlatforms) = preSolution
		Debug|Any CPU = Debug|Any CPU
		Release|Any CPU = Release|Any CPU
	EndGlobalSection
	GlobalSection(ProjectConfigurationPlatforms) = postSolution
		{1E1437BF-83B8-4DE4-B136-9A0B30E3C95C}.Debug|Any CPU.ActiveCfg = Debug|Any CPU
		{1E1437BF-83B8-4DE4-B136-9A0B30E3C95C}.Debug|Any CPU.Build.0 = Debug|Any CPU
		{1E1437BF-83B8-4DE4-B136-9A0B30E3C95C}.Release|Any CPU.ActiveCfg = Release|Any CPU
		{1E1437BF-83B8-4DE4-B136-9A0B30E3C95C}.Release|Any CPU.Build.0 = Release|Any CPU
	EndGlobalSection
	GlobalSection(SolutionProperties) = preSolution
		HideSolutionNode = FALSE
	EndGlobalSection
	GlobalSection(ExtensibilityGlobals) = postSolution
		SolutionGuid = {5A9E45D5-761F-496B-BB16-C1CC22988261}
	EndGlobalSection
EndGlobal
